codeberg.org/vula/highctidh/ctidh1024 v0.0.0-20240114161604-7c432836d350 h1:UJ4ZtX/Nhw8gtvaiyWyPBmipEFE7glTeJHRVerwPQvQ=
codeberg.org/vula/highctidh/ctidh1024 v0.0.0-20240114161604-7c432836d350/go.mod h1:t0LehtPsQVj55RYX0vnNoVYbxk02KDYmBou8yJz+A44=
codeberg.org/vula/highctidh/ctidh2048 v0.0.0-20240114161604-7c432836d350 h1:WH9k9WeX5B3+/YtkDcBxeXXFvjihHjzGNbf+qPWZ5MQ=
codeberg.org/vula/highctidh/ctidh2048 v0.0.0-20240114161604-7c432836d350/go.mod h1:4nMCP71Hk006KxX+lGJmN24yZFktwmkhmSqZnw/2TZU=
codeberg.org/vula/highctidh/ctidh511 v0.0.0-20240114161604-7c432836d350 h1:GefA46t1oZcOwNUBZX8Wj2mHySuBmXcazbCMzzp7uKw=
codeberg.org/vula/highctidh/ctidh511 v0.0.0-20240114161604-7c432836d350/go.mod h1:vgU3eAdrncQmgPtG57wcWU+iP/tO8aQACChOwPqBCgM=
codeberg.org/vula/highctidh/ctidh512 v0.0.0-20240114161604-7c432836d350 h1:dZdEYezsKYM2WRa+JKiVlOtCNf0DSkLtxISO9Xn2SrA=
codeberg.org/vula/highctidh/ctidh512 v0.0.0-20240114161604-7c432836d350/go.mod h1:Xt/kwPnVgaIbfjT/3RZ+a14zhNV+OqMcGiWn3HUHNc4=
github.com/davecgh/go-spew v1.1.1 h1:vj9j/u1bqnvCEfJOwUhtlOARqs3+rkHYY13jYWTU97c=
github.com/davecgh/go-spew v1.1.1/go.mod h1:J7Y8YcW2NihsgmVo/mv3lAwl/skON4iLHjSsI+c5H38=
github.com/mattn/go-pointer v0.0.1 h1:n+XhsuGeVO6MEAp7xyEukFINEa+Quek5psIR/ylA6o0=
github.com/mattn/go-pointer v0.0.1/go.mod h1:2zXcozF6qYGgmsG+SeTZz3oAbFLdD3OWqnUbNvJZAlc=
github.com/pmezard/go-difflib v1.0.0 h1:4DBwDE0NGyQoBHbLQYPwSUPoCMWR5BEzIk/f1lZbAQM=
github.com/pmezard/go-difflib v1.0.0/go.mod h1:iKH77koFhYxTK1pcRnkKkqfTogsbg7gZNVY4sRDYZ/4=
github.com/stretchr/testify v1.8.4 h1:CcVxjf3Q8PM0mHUKJCdn+eZZtm5yQwehR5yeSVQQcUk=
github.com/stretchr/testify v1.8.4/go.mod h1:sz/lmYIOXD/1dqDmKjjqLyZ2RngseejIcXlSw2iwfAo=
gopkg.in/yaml.v3 v3.0.1 h1:fxVm/GzAzEWqLHuvctI91KS9hhNmmWOoWu0XTYJS7CA=
gopkg.in/yaml.v3 v3.0.1/go.mod h1:K4uyk7z7BCEPqu6E+C64Yfv1cQ7kz7rIZviUmN+EgEM=
